
Microsoft Visual Studio Solution File, Format Version 12.00
# Visual Studio Version 17
VisualStudioVersion = 17.2.32630.192
MinimumVisualStudioVersion = 10.0.40219.1
Project("{9A19103F-16F7-4668-BE54-9A1E7A4F7556}") = "CSharpRegexBenchmark", "CSharpRegexBenchmark\CSharpRegexBenchmark.csproj", "{BECAFB5B-4884-48DA-B1AD-B2349C6EA688}"
EndProject
Project("{FAE04EC0-301F-11D3-BF4B-00C04F79EFBC}") = "CSharpRegexBenchmark.Tests", "CSharpRegexBenchmark.Tests\CSharpRegexBenchmark.Tests.csproj", "{EB530BFF-41BD-4B46-AFA4-CCBA2C261861}"
EndProject
Global
	GlobalSection(SolutionConfigurationPlatforms) = preSolution
		Debug|Any CPU = Debug|Any CPU
		Release|Any CPU = Release|Any CPU
	EndGlobalSection
	GlobalSection(ProjectConfigurationPlatforms) = postSolution
		{BECAFB5B-4884-48DA-B1AD-B2349C6EA688}.Debug|Any CPU.ActiveCfg = Debug|Any CPU
		{BECAFB5B-4884-48DA-B1AD-B2349C6EA688}.Debug|Any CPU.Build.0 = Debug|Any CPU
		{BECAFB5B-4884-48DA-B1AD-B2349C6EA688}.Release|Any CPU.ActiveCfg = Release|Any CPU
		{BECAFB5B-4884-48DA-B1AD-B2349C6EA688}.Release|Any CPU.Build.0 = Release|Any CPU
		{EB530BFF-41BD-4B46-AFA4-CCBA2C261861}.Debug|Any CPU.ActiveCfg = Debug|Any CPU
		{EB530BFF-41BD-4B46-AFA4-CCBA2C261861}.Debug|Any CPU.Build.0 = Debug|Any CPU
		{EB530BFF-41BD-4B46-AFA4-CCBA2C261861}.Release|Any CPU.ActiveCfg = Release|Any CPU
		{EB530BFF-41BD-4B46-AFA4-CCBA2C261861}.Release|Any CPU.Build.0 = Release|Any CPU
	EndGlobalSection
	GlobalSection(SolutionProperties) = preSolution
		HideSolutionNode = FALSE
	EndGlobalSection
	GlobalSection(ExtensibilityGlobals) = postSolution
		SolutionGuid = {A5DC8290-5C11-444F-A17D-762B314BE77B}
	EndGlobalSection
EndGlobal
